# This file is autogenerated, do not edit; changes may be undone by the next 'dep ensure'.


[[projects]]
  name = "github.com/DataDog/dd-trace-go"
  packages = ["tracer","tracer/contrib/go-redis","tracer/contrib/gorilla/muxtrace","tracer/contrib/sqltraced","tracer/contrib/sqltraced/parsedsn","tracer/contrib/sqltraced/parsedsn/mysql","tracer/contrib/sqltraced/parsedsn/pq","tracer/contrib/sqltraced/sqlutils","tracer/ext"]
  revision = "bcbd859f5981ea37ecf4c9c795b2a04e9df4bc47"
  version = "v0.5.0"

[[projects]]
  name = "github.com/cihub/seelog"
  packages = ["."]
  revision = "d2c6e5aa9fbfdd1c624e140287063c7730654115"
  version = "v2.6"

[[projects]]
  name = "github.com/go-redis/redis"
  packages = [".","internal","internal/consistenthash","internal/hashtag","internal/pool","internal/proto"]
  revision = "a8ee44122a3b1763b94fed7d665be56fa0a71080"
  version = "v6.5.5"

[[projects]]
  name = "github.com/gorilla/context"
  packages = ["."]
  revision = "1ea25387ff6f684839d82767c1733ff4d4d15d0a"
  version = "v1.1"

[[projects]]
  name = "github.com/gorilla/mux"
  packages = ["."]
  revision = "bcd8bc72b08df0f70df986b97f95590779502d31"
  version = "v1.4.0"

[[projects]]
  branch = "master"
  name = "github.com/lib/pq"
  packages = [".","oid"]
  revision = "dd1fe2071026ce53f36a39112e645b4d4f5793a4"

[[projects]]
  branch = "master"
  name = "github.com/ugorji/go"
  packages = ["codec"]
  revision = "5efa3251c7f7d05e5d9704a69a984ec9f1386a40"

[[projects]]
  branch = "master"
  name = "golang.org/x/sys"
  packages = ["windows"]
  revision = "d8f5ea21b9295e315e612b4bcf4bedea93454d4d"

[solve-meta]
  analyzer-name = "dep"
  analyzer-version = 1
  inputs-digest = "f76dc0ddc9793696bc81e65b52c51ced262df9b9a70c6afb7a282deeb4d27af6"
  solver-name = "gps-cdcl"
  solver-version = 1
